
Microsoft Visual Studio Solution File, Format Version 12.00
Project("{FAE04EC0-301F-11D3-BF4B-00C04F79EFBC}") = "osuserver2012", "osuserver2012.csproj", "{131B89F6-1A41-45E9-8157-0FF6EEE1625B}"
EndProject
Global
	GlobalSection(SolutionConfigurationPlatforms) = preSolution
		Debug|Any CPU = Debug|Any CPU
		Release|Any CPU = Release|Any CPU
	EndGlobalSection
	GlobalSection(ProjectConfigurationPlatforms) = postSolution
		{131B89F6-1A41-45E9-8157-0FF6EEE1625B}.Debug|Any CPU.ActiveCfg = Debug|Any CPU
		{131B89F6-1A41-45E9-8157-0FF6EEE1625B}.Debug|Any CPU.Build.0 = Debug|Any CPU
		{131B89F6-1A41-45E9-8157-0FF6EEE1625B}.Release|Any CPU.ActiveCfg = Release|Any CPU
		{131B89F6-1A41-45E9-8157-0FF6EEE1625B}.Release|Any CPU.Build.0 = Release|Any CPU
	EndGlobalSection
EndGlobal
